<?xml version="1.0" encoding="utf-8"?>
<Project ToolsVersion="4.0" xmlns="http://schemas.microsoft.com/developer/msbuild/2003">
  <ItemGroup>
    <Filter Include="Source Files">
      <UniqueIdentifier>{4FC737F1-C7A5-4376-A066-2A32D752A2FF}</UniqueIdentifier>
      <Extensions>cpp;c;cc;cxx;def;odl;idl;hpj;bat;asm;asmx</Extensions>
    </Filter>
    <Filter Include="Header Files">
      <UniqueIdentifier>{93995380-89BD-4b04-88EB-625FBE52EBFB}</UniqueIdentifier>
      <Extensions>h;hpp;hxx;hm;inl;inc;xsd</Extensions>
    </Filter>
    <Filter Include="PlayerInfo">
      <UniqueIdentifier>{ee63a848-364d-4119-9628-05cc3d6a4b17}</UniqueIdentifier>
    </Filter>
    <Filter Include="SkyBox">
      <UniqueIdentifier>{37a125cd-b9e3-4b31-923e-1226145f54a1}</UniqueIdentifier>
    </Filter>
    <Filter Include="MiniMap">
      <UniqueIdentifier>{797b47a2-6f3f-4c20-8d83-27093459b26e}</UniqueIdentifier>
    </Filter>
    <Filter Include="CameraEffects">
      <UniqueIdentifier>{5c43d03a-eec2-4bb3-acfc-80de3d127980}</UniqueIdentifier>
    </Filter>
    <Filter Include="Furniture">
      <UniqueIdentifier>{356d1e35-89a8-4597-9363-369cbdc7bbba}</UniqueIdentifier>
    </Filter>
    <Filter Include="GameUI">
      <UniqueIdentifier>{dfc91314-c8ec-44ac-9f7d-6cf4921d1e7b}</UniqueIdentifier>
    </Filter>
    <Filter Include="ReadFile">
      <UniqueIdentifier>{1987412c-8923-4018-b1b3-de24658efd66}</UniqueIdentifier>
    </Filter>
    <Filter Include="RandomEvents">
      <UniqueIdentifier>{b3fe3846-a25c-4178-8ff2-1d5256ae4a55}</UniqueIdentifier>
    </Filter>
    <Filter Include="Money">
      <UniqueIdentifier>{16a41215-0c87-44ea-b0f8-615b6ff6e64e}</UniqueIdentifier>
    </Filter>
    <Filter Include="Enemy">
      <UniqueIdentifier>{726554a3-521c-42b6-9c93-69a8964fe914}</UniqueIdentifier>
    </Filter>
    <Filter Include="Hardware">
      <UniqueIdentifier>{49a40463-2c67-4dc3-981b-8d55226a5f20}</UniqueIdentifier>
    </Filter>
    <Filter Include="Levels">
      <UniqueIdentifier>{06353ba0-343e-4956-94ee-299b4d074211}</UniqueIdentifier>
    </Filter>
    <Filter Include="Trees">
      <UniqueIdentifier>{eb891d37-b347-4bbe-8fe2-32ea970eaabc}</UniqueIdentifier>
    </Filter>
    <Filter Include="Bomb">
      <UniqueIdentifier>{be2dea01-2741-4d20-aaae-42d07b2661de}</UniqueIdentifier>
    </Filter>
    <Filter Include="Enemy\Turret">
      <UniqueIdentifier>{c609d529-8668-400f-be97-81a6facb67cc}</UniqueIdentifier>
    </Filter>
  </ItemGroup>
  <ItemGroup>
    <ClCompile Include="Source\Application.cpp">
      <Filter>Source Files</Filter>
    </ClCompile>
    <ClCompile Include="Source\main.cpp">
      <Filter>Source Files</Filter>
    </ClCompile>
    <ClCompile Include="Source\FPSCamera.cpp">
      <Filter>Source Files</Filter>
    </ClCompile>
    <ClCompile Include="Source\OBJMesh.cpp">
      <Filter>Source Files</Filter>
    </ClCompile>
    <ClCompile Include="Source\GroundEntity.cpp">
      <Filter>Source Files</Filter>
    </ClCompile>
    <ClCompile Include="Source\TextEntity.cpp">
      <Filter>Source Files</Filter>
    </ClCompile>
    <ClCompile Include="Source\SpriteEntity.cpp">
      <Filter>Source Files</Filter>
    </ClCompile>
    <ClCompile Include="Source\Light.cpp">
      <Filter>Source Files</Filter>
    </ClCompile>
    <ClCompile Include="Source\PlayerInfo\PlayerInfo.cpp">
      <Filter>PlayerInfo</Filter>
    </ClCompile>
    <ClCompile Include="Source\SkyBox\SkyBoxEntity.cpp">
      <Filter>SkyBox</Filter>
    </ClCompile>
    <ClCompile Include="Source\EntityManager.cpp">
      <Filter>Source Files</Filter>
    </ClCompile>
    <ClCompile Include="Source\GenericEntity.cpp">
      <Filter>Source Files</Filter>
    </ClCompile>
    <ClCompile Include="Source\Projectile\Projectile.cpp">
      <Filter>Source Files</Filter>
    </ClCompile>
    <ClCompile Include="Source\MiniMap\Minimap.cpp">
      <Filter>MiniMap</Filter>
    </ClCompile>
    <ClCompile Include="Source\CameraEffects\CameraEffects.cpp">
      <Filter>CameraEffects</Filter>
    </ClCompile>
    <ClCompile Include="Source\Furniture\Furniture.cpp">
      <Filter>Furniture</Filter>
    </ClCompile>
    <ClCompile Include="Source\Hardware Abstraction\Controller.cpp">
      <Filter>Hardware</Filter>
    </ClCompile>
    <ClCompile Include="Source\Hardware Abstraction\Keyboard.cpp">
      <Filter>Hardware</Filter>
    </ClCompile>
    <ClCompile Include="Source\Hardware Abstraction\Mouse.cpp">
      <Filter>Hardware</Filter>
    </ClCompile>
    <ClCompile Include="Source\SceneText.cpp">
      <Filter>Levels</Filter>
    </ClCompile>
    <ClCompile Include="Source\ReadFile\FileManager.cpp">
      <Filter>ReadFile</Filter>
    </ClCompile>
    <ClCompile Include="Source\RandomEvents\MoneyRain.cpp">
      <Filter>RandomEvents</Filter>
    </ClCompile>
    <ClCompile Include="Source\RandomEvents\Thunderstorm.cpp">
      <Filter>RandomEvents</Filter>
    </ClCompile>
    <ClCompile Include="Source\MoneyManager\Money.cpp">
      <Filter>Money</Filter>
    </ClCompile>
    <ClCompile Include="Source\Levels\Level1.cpp">
      <Filter>Levels</Filter>
    </ClCompile>
    <ClCompile Include="Source\Levels\Level2.cpp">
      <Filter>Levels</Filter>
    </ClCompile>
    <ClCompile Include="Source\Levels\Level3.cpp">
      <Filter>Levels</Filter>
    </ClCompile>
    <ClCompile Include="Source\Levels\Level4.cpp">
      <Filter>Levels</Filter>
    </ClCompile>
    <ClCompile Include="Source\GameUI\GameUI.cpp">
      <Filter>GameUI</Filter>
    </ClCompile>
    <ClCompile Include="Source\Enemy\RadarScan.cpp">
      <Filter>Enemy</Filter>
    </ClCompile>
    <ClCompile Include="Source\Screen.cpp">
      <Filter>GameUI</Filter>
    </ClCompile>
    <ClCompile Include="Source\Trees\Trees.cpp">
      <Filter>Trees</Filter>
    </ClCompile>
    <ClCompile Include="Source\Bomb.cpp">
      <Filter>Bomb</Filter>
    </ClCompile>
    <ClCompile Include="Source\Enemy\Troop3D.cpp">
      <Filter>Enemy</Filter>
    </ClCompile>
    <ClCompile Include="Source\Enemy\Turrets\Turrets.cpp">
      <Filter>Enemy\Turret</Filter>
    </ClCompile>
    <ClCompile Include="Source\Enemy\Shield.cpp">
      <Filter>Enemy</Filter>
    </ClCompile>
    <ClCompile Include="Source\Enemy\Ninja3D.cpp">
      <Filter>Enemy</Filter>
    </ClCompile>
  </ItemGroup>
  <ItemGroup>
    <ClInclude Include="Source\Application.h">
      <Filter>Header Files</Filter>
    </ClInclude>
    <ClInclude Include="Source\FPSCamera.h">
      <Filter>Header Files</Filter>
    </ClInclude>
    <ClInclude Include="Source\OBJMesh.h">
      <Filter>Header Files</Filter>
    </ClInclude>
    <ClInclude Include="Source\GroundEntity.h">
      <Filter>Header Files</Filter>
    </ClInclude>
    <ClInclude Include="Source\TextEntity.h">
      <Filter>Header Files</Filter>
    </ClInclude>
    <ClInclude Include="Source\SpriteEntity.h">
      <Filter>Header Files</Filter>
    </ClInclude>
    <ClInclude Include="Source\Light.h">
      <Filter>Header Files</Filter>
    </ClInclude>
    <ClInclude Include="Source\PlayerInfo\PlayerInfo.h">
      <Filter>PlayerInfo</Filter>
    </ClInclude>
    <ClInclude Include="Source\SkyBox\SkyBoxEntity.h">
      <Filter>SkyBox</Filter>
    </ClInclude>
    <ClInclude Include="Source\EntityManager.h">
      <Filter>Header Files</Filter>
    </ClInclude>
    <ClInclude Include="Source\GenericEntity.h">
      <Filter>Header Files</Filter>
    </ClInclude>
    <ClInclude Include="Source\Scene2D\Key.h">
      <Filter>Header Files</Filter>
    </ClInclude>
    <ClInclude Include="Source\Projectile\Projectile.h">
      <Filter>Header Files</Filter>
    </ClInclude>
    <ClInclude Include="Source\MiniMap\Minimap.h">
      <Filter>MiniMap</Filter>
    </ClInclude>
    <ClInclude Include="Source\CameraEffects\CameraEffects.h">
      <Filter>CameraEffects</Filter>
    </ClInclude>
    <ClInclude Include="Source\Furniture\Furniture.h">
      <Filter>Furniture</Filter>
    </ClInclude>
    <ClInclude Include="Source\Hardware Abstraction\Controller.h">
      <Filter>Hardware</Filter>
    </ClInclude>
    <ClInclude Include="Source\Hardware Abstraction\Keyboard.h">
      <Filter>Hardware</Filter>
    </ClInclude>
    <ClInclude Include="Source\Hardware Abstraction\Mouse.h">
      <Filter>Hardware</Filter>
    </ClInclude>
    <ClInclude Include="Source\SceneText.h">
      <Filter>Levels</Filter>
    </ClInclude>
    <ClInclude Include="Source\ReadFile\FileManager.h">
      <Filter>ReadFile</Filter>
    </ClInclude>
    <ClInclude Include="Source\RandomEvents\MoneyRain.h">
      <Filter>RandomEvents</Filter>
    </ClInclude>
    <ClInclude Include="Source\RandomEvents\RandomEvents.h">
      <Filter>RandomEvents</Filter>
    </ClInclude>
    <ClInclude Include="Source\RandomEvents\Thunderstorm.h">
      <Filter>RandomEvents</Filter>
    </ClInclude>
    <ClInclude Include="Source\MoneyManager\Money.h">
      <Filter>Money</Filter>
    </ClInclude>
    <ClInclude Include="Source\Levels\Level1.h">
      <Filter>Levels</Filter>
    </ClInclude>
    <ClInclude Include="Source\Levels\Level2.h">
      <Filter>Levels</Filter>
    </ClInclude>
    <ClInclude Include="Source\Levels\Level3.h">
      <Filter>Levels</Filter>
    </ClInclude>
    <ClInclude Include="Source\Levels\Level4.h">
      <Filter>Levels</Filter>
    </ClInclude>
    <ClInclude Include="Source\GameUI\GameUI.h">
      <Filter>GameUI</Filter>
    </ClInclude>
    <ClInclude Include="Source\Enemy\RadarScan.h">
      <Filter>Enemy</Filter>
    </ClInclude>
    <ClInclude Include="Source\Screen.h">
      <Filter>GameUI</Filter>
    </ClInclude>
    <ClInclude Include="Source\Trees\Trees.h">
      <Filter>Trees</Filter>
    </ClInclude>
    <ClInclude Include="Source\Bomb.h">
      <Filter>Bomb</Filter>
    </ClInclude>
    <ClInclude Include="Source\Enemy\Troop3D.h">
      <Filter>Enemy</Filter>
    </ClInclude>
    <ClInclude Include="Source\Enemy\Turrets\Turrets.h">
      <Filter>Enemy\Turret</Filter>
    </ClInclude>
    <ClInclude Include="Source\Enemy\Shield.h">
      <Filter>Enemy</Filter>
    </ClInclude>
    <ClInclude Include="Source\Enemy\Ninja3D.h">
      <Filter>Enemy</Filter>
    </ClInclude>
  </ItemGroup>
</Project>